
Microsoft Visual Studio Solution File, Format Version 12.00
# Visual Studio 2013
VisualStudioVersion = 12.0.30723.0
MinimumVisualStudioVersion = 10.0.40219.1
Project("{8BC9CEB8-8B4A-11D0-8D11-00A0C91BC942}") = "EditorTexto", "EditorTexto\EditorTexto.vcxproj", "{0AE441B5-40F5-4481-843C-F7EA0D0618D0}"
EndProject
Global
	GlobalSection(SolutionConfigurationPlatforms) = preSolution
		Debug|Win32 = Debug|Win32
		Release|Win32 = Release|Win32
	EndGlobalSection
	GlobalSection(ProjectConfigurationPlatforms) = postSolution
		{0AE441B5-40F5-4481-843C-F7EA0D0618D0}.Debug|Win32.ActiveCfg = Debug|Win32
		{0AE441B5-40F5-4481-843C-F7EA0D0618D0}.Debug|Win32.Build.0 = Debug|Win32
		{0AE441B5-40F5-4481-843C-F7EA0D0618D0}.Release|Win32.ActiveCfg = Release|Win32
		{0AE441B5-40F5-4481-843C-F7EA0D0618D0}.Release|Win32.Build.0 = Release|Win32
	EndGlobalSection
	GlobalSection(SolutionProperties) = preSolution
		HideSolutionNode = FALSE
	EndGlobalSection
EndGlobal
